{
	"name": "exercise2",
	"lockfileVersion": 3,
	"requires": true,
	"packages": {
		"": {
			"dependencies": {
				"readline-sync": "^1.4.10"
			},
			"devDependencies": {
				"@types/node": "^20.6.5",
				"@types/readline-sync": "^1.4.4"
			}
		},
		"node_modules/@types/node": {
			"version": "20.7.1",
			"resolved": "https://registry.npmjs.org/@types/node/-/node-20.7.1.tgz",
			"integrity": "sha512-LT+OIXpp2kj4E2S/p91BMe+VgGX2+lfO+XTpfXhh+bCk2LkQtHZSub8ewFBMGP5ClysPjTDFa4sMI8Q3n4T0wg==",
			"dev": true
		},
		"node_modules/@types/readline-sync": {
			"version": "1.4.5",
			"resolved": "https://registry.npmjs.org/@types/readline-sync/-/readline-sync-1.4.5.tgz",
			"integrity": "sha512-vD/LCH84gWf9CoJaqGL8Ey0/oFrgHNEf/R/SPzoDeZa5Zr8Fh5tPCaTF2UC/m1shAcAHVHHZmDQrsoWMkCj0gA==",
			"dev": true
		},
		"node_modules/readline-sync": {
			"version": "1.4.10",
			"resolved": "https://registry.npmjs.org/readline-sync/-/readline-sync-1.4.10.tgz",
			"integrity": "sha512-gNva8/6UAe8QYepIQH/jQ2qn91Qj0B9sYjMBBs3QOB8F2CXcKgLxQaJRP76sWVRQt+QU+8fAkCbCvjjMFu7Ycw==",
			"engines": {
				"node": ">= 0.8.0"
			}
		}
	}
}
